
Microsoft Visual Studio Solution File, Format Version 12.00
# Visual Studio Version 17
VisualStudioVersion = 17.2.32630.192
MinimumVisualStudioVersion = 10.0.40219.1
Project("{FAE04EC0-301F-11D3-BF4B-00C04F79EFBC}") = "Facilities.API", "Facilities.API\Facilities.API.csproj", "{ECE19967-163B-4146-A5B3-011FF10A36CE}"
EndProject
Global
	GlobalSection(SolutionConfigurationPlatforms) = preSolution
		Debug|Any CPU = Debug|Any CPU
		Release|Any CPU = Release|Any CPU
	EndGlobalSection
	GlobalSection(ProjectConfigurationPlatforms) = postSolution
		{ECE19967-163B-4146-A5B3-011FF10A36CE}.Debug|Any CPU.ActiveCfg = Debug|Any CPU
		{ECE19967-163B-4146-A5B3-011FF10A36CE}.Debug|Any CPU.Build.0 = Debug|Any CPU
		{ECE19967-163B-4146-A5B3-011FF10A36CE}.Release|Any CPU.ActiveCfg = Release|Any CPU
		{ECE19967-163B-4146-A5B3-011FF10A36CE}.Release|Any CPU.Build.0 = Release|Any CPU
	EndGlobalSection
	GlobalSection(SolutionProperties) = preSolution
		HideSolutionNode = FALSE
	EndGlobalSection
	GlobalSection(ExtensibilityGlobals) = postSolution
		SolutionGuid = {40AFB64A-7117-4337-A9AC-E396AF7C9B58}
	EndGlobalSection
EndGlobal
